
Microsoft Visual Studio Solution File, Format Version 12.00
# Visual Studio 2012
Project("{E24C65DC-7377-472B-9ABA-BC803B73C61A}") = "exHelp", ".", "{190D6440-6FA8-4F5D-AD6E-4AF39C975342}"
	ProjectSection(WebsiteProperties) = preProject
		TargetFrameworkMoniker = ".NETFramework,Version%3Dv4.0"
		Debug.AspNetCompiler.VirtualPath = "/exHelp"
		Debug.AspNetCompiler.PhysicalPath = "..\exHelp\"
		Debug.AspNetCompiler.TargetPath = "PrecompiledWeb\exHelp\"
		Debug.AspNetCompiler.Updateable = "true"
		Debug.AspNetCompiler.ForceOverwrite = "true"
		Debug.AspNetCompiler.FixedNames = "false"
		Debug.AspNetCompiler.Debug = "True"
		Release.AspNetCompiler.VirtualPath = "/exHelp"
		Release.AspNetCompiler.PhysicalPath = "..\exHelp\"
		Release.AspNetCompiler.TargetPath = "PrecompiledWeb\exHelp\"
		Release.AspNetCompiler.Updateable = "true"
		Release.AspNetCompiler.ForceOverwrite = "true"
		Release.AspNetCompiler.FixedNames = "false"
		Release.AspNetCompiler.Debug = "False"
		VWDPort = "10480"
	EndProjectSection
EndProject
Global
	GlobalSection(SolutionConfigurationPlatforms) = preSolution
		Debug|Any CPU = Debug|Any CPU
	EndGlobalSection
	GlobalSection(ProjectConfigurationPlatforms) = postSolution
		{190D6440-6FA8-4F5D-AD6E-4AF39C975342}.Debug|Any CPU.ActiveCfg = Debug|Any CPU
		{190D6440-6FA8-4F5D-AD6E-4AF39C975342}.Debug|Any CPU.Build.0 = Debug|Any CPU
	EndGlobalSection
	GlobalSection(SolutionProperties) = preSolution
		HideSolutionNode = FALSE
	EndGlobalSection
EndGlobal
